// !$*UTF8*$!
{
	archiveVersion = 1;
	classes = {
	};
	objectVersion = 46;
	objects = {

/* Begin PBXBuildFile section */
		A1B1C6751C2C847900C9CC49 /* AppDelegate.swift in Sources */ = {isa = PBXBuildFile; fileRef = A1B1C6741C2C847900C9CC49 /* AppDelegate.swift */; };
		A1B1C6771C2C847900C9CC49 /* ViewController.swift in Sources */ = {isa = PBXBuildFile; fileRef = A1B1C6761C2C847900C9CC49 /* ViewController.swift */; };
		A1B1C67A1C2C847900C9CC49 /* Main.storyboard in Resources */ = {isa = PBXBuildFile; fileRef = A1B1C6781C2C847900C9CC49 /* Main.storyboard */; };
		A1B1C67C1C2C847900C9CC49 /* Assets.xcassets in Resources */ = {isa = PBXBuildFile; fileRef = A1B1C67B1C2C847900C9CC49 /* Assets.xcassets */; };
		A1B1C67F1C2C847900C9CC49 /* LaunchScreen.storyboard in Resources */ = {isa = PBXBuildFile; fileRef = A1B1C67D1C2C847900C9CC49 /* LaunchScreen.storyboard */; };
		A1B1C68A1C2CCC3100C9CC49 /* CitiesTableViewController.swift in Sources */ = {isa = PBXBuildFile; fileRef = A1B1C6891C2CCC3100C9CC49 /* CitiesTableViewController.swift */; };
		A1B1C68D1C2CCC6A00C9CC49 /* Custome.swift in Sources */ = {isa = PBXBuildFile; fileRef = A1B1C68C1C2CCC6A00C9CC49 /* Custome.swift */; };
		A1B1C68F1C2CD29800C9CC49 /* CustomeTableViewCell.swift in Sources */ = {isa = PBXBuildFile; fileRef = A1B1C68E1C2CD29800C9CC49 /* CustomeTableViewCell.swift */; };
		A1B1C6911C2CE33E00C9CC49 /* DetailViewController.swift in Sources */ = {isa = PBXBuildFile; fileRef = A1B1C6901C2CE33E00C9CC49 /* DetailViewController.swift */; };
		A1B1C6931C2CFC5300C9CC49 /* Tokyo1.jpg in Resources */ = {isa = PBXBuildFile; fileRef = A1B1C6921C2CFC5300C9CC49 /* Tokyo1.jpg */; };
		A1B1C6961C2CFC6F00C9CC49 /* Kyoto.jpg in Resources */ = {isa = PBXBuildFile; fileRef = A1B1C6951C2CFC6F00C9CC49 /* Kyoto.jpg */; };
		A1B1C6981C2CFC9600C9CC49 /* Yokohama.jpg in Resources */ = {isa = PBXBuildFile; fileRef = A1B1C6971C2CFC9600C9CC49 /* Yokohama.jpg */; };
		A1B1C69A1C2CFCC100C9CC49 /* Osaka.jpg in Resources */ = {isa = PBXBuildFile; fileRef = A1B1C6991C2CFCC100C9CC49 /* Osaka.jpg */; };
		A1B1C69C1C2CFF0700C9CC49 /* Kamakura.jpg in Resources */ = {isa = PBXBuildFile; fileRef = A1B1C69B1C2CFF0700C9CC49 /* Kamakura.jpg */; };
		EF89C574C4183817B21B1A30 /* Pods_CitiesOfTheWorld.framework in Frameworks */ = {isa = PBXBuildFile; fileRef = 4A359390157B700E3E2A9D74 /* Pods_CitiesOfTheWorld.framework */; };
/* End PBXBuildFile section */

/* Begin PBXFileReference section */
		35F93B2DEAE4734F1017A9A8 /* Pods-CitiesOfTheWorld.debug.xcconfig */ = {isa = PBXFileReference; includeInIndex = 1; lastKnownFileType = text.xcconfig; name = "Pods-CitiesOfTheWorld.debug.xcconfig"; path = "Pods/Target Support Files/Pods-CitiesOfTheWorld/Pods-CitiesOfTheWorld.debug.xcconfig"; sourceTree = "<group>"; };
		4A359390157B700E3E2A9D74 /* Pods_CitiesOfTheWorld.framework */ = {isa = PBXFileReference; explicitFileType = wrapper.framework; includeInIndex = 0; path = Pods_CitiesOfTheWorld.framework; sourceTree = BUILT_PRODUCTS_DIR; };
		A1B1C6711C2C847900C9CC49 /* CitiesOfTheWorld.app */ = {isa = PBXFileReference; explicitFileType = wrapper.application; includeInIndex = 0; path = CitiesOfTheWorld.app; sourceTree = BUILT_PRODUCTS_DIR; };
		A1B1C6741C2C847900C9CC49 /* AppDelegate.swift */ = {isa = PBXFileReference; lastKnownFileType = sourcecode.swift; path = AppDelegate.swift; sourceTree = "<group>"; };
		A1B1C6761C2C847900C9CC49 /* ViewController.swift */ = {isa = PBXFileReference; lastKnownFileType = sourcecode.swift; path = ViewController.swift; sourceTree = "<group>"; };
		A1B1C6791C2C847900C9CC49 /* Base */ = {isa = PBXFileReference; lastKnownFileType = file.storyboard; name = Base; path = Base.lproj/Main.storyboard; sourceTree = "<group>"; };
		A1B1C67B1C2C847900C9CC49 /* Assets.xcassets */ = {isa = PBXFileReference; lastKnownFileType = folder.assetcatalog; path = Assets.xcassets; sourceTree = "<group>"; };
		A1B1C67E1C2C847900C9CC49 /* Base */ = {isa = PBXFileReference; lastKnownFileType = file.storyboard; name = Base; path = Base.lproj/LaunchScreen.storyboard; sourceTree = "<group>"; };
		A1B1C6801C2C847900C9CC49 /* Info.plist */ = {isa = PBXFileReference; lastKnownFileType = text.plist.xml; path = Info.plist; sourceTree = "<group>"; };
		A1B1C6891C2CCC3100C9CC49 /* CitiesTableViewController.swift */ = {isa = PBXFileReference; fileEncoding = 4; lastKnownFileType = sourcecode.swift; path = CitiesTableViewController.swift; sourceTree = "<group>"; };
		A1B1C68C1C2CCC6A00C9CC49 /* Custome.swift */ = {isa = PBXFileReference; fileEncoding = 4; lastKnownFileType = sourcecode.swift; path = Custome.swift; sourceTree = "<group>"; };
		A1B1C68E1C2CD29800C9CC49 /* CustomeTableViewCell.swift */ = {isa = PBXFileReference; fileEncoding = 4; lastKnownFileType = sourcecode.swift; path = CustomeTableViewCell.swift; sourceTree = "<group>"; };
		A1B1C6901C2CE33E00C9CC49 /* DetailViewController.swift */ = {isa = PBXFileReference; fileEncoding = 4; lastKnownFileType = sourcecode.swift; path = DetailViewController.swift; sourceTree = "<group>"; };
		A1B1C6921C2CFC5300C9CC49 /* Tokyo1.jpg */ = {isa = PBXFileReference; lastKnownFileType = image.jpeg; path = Tokyo1.jpg; sourceTree = "<group>"; };
		A1B1C6951C2CFC6F00C9CC49 /* Kyoto.jpg */ = {isa = PBXFileReference; lastKnownFileType = image.jpeg; path = Kyoto.jpg; sourceTree = "<group>"; };
		A1B1C6971C2CFC9600C9CC49 /* Yokohama.jpg */ = {isa = PBXFileReference; lastKnownFileType = image.jpeg; path = Yokohama.jpg; sourceTree = "<group>"; };
		A1B1C6991C2CFCC100C9CC49 /* Osaka.jpg */ = {isa = PBXFileReference; lastKnownFileType = image.jpeg; path = Osaka.jpg; sourceTree = "<group>"; };
		A1B1C69B1C2CFF0700C9CC49 /* Kamakura.jpg */ = {isa = PBXFileReference; lastKnownFileType = image.jpeg; path = Kamakura.jpg; sourceTree = "<group>"; };
		D88137EAF7FA00A2F4959B2D /* Pods-CitiesOfTheWorld.release.xcconfig */ = {isa = PBXFileReference; includeInIndex = 1; lastKnownFileType = text.xcconfig; name = "Pods-CitiesOfTheWorld.release.xcconfig"; path = "Pods/Target Support Files/Pods-CitiesOfTheWorld/Pods-CitiesOfTheWorld.release.xcconfig"; sourceTree = "<group>"; };
/* End PBXFileReference section */

/* Begin PBXFrameworksBuildPhase section */
		A1B1C66E1C2C847900C9CC49 /* Frameworks */ = {
			isa = PBXFrameworksBuildPhase;
			buildActionMask = 2147483647;
			files = (
				EF89C574C4183817B21B1A30 /* Pods_CitiesOfTheWorld.framework in Frameworks */,
			);
			runOnlyForDeploymentPostprocessing = 0;
		};
/* End PBXFrameworksBuildPhase section */

/* Begin PBXGroup section */
		2B220B65A76C09BE6025A059 /* Pods */ = {
			isa = PBXGroup;
			children = (
				35F93B2DEAE4734F1017A9A8 /* Pods-CitiesOfTheWorld.debug.xcconfig */,
				D88137EAF7FA00A2F4959B2D /* Pods-CitiesOfTheWorld.release.xcconfig */,
			);
			name = Pods;
			sourceTree = "<group>";
		};
		A1B1C6681C2C847900C9CC49 = {
			isa = PBXGroup;
			children = (
				A1B1C6731C2C847900C9CC49 /* CitiesOfTheWorld */,
				A1B1C6721C2C847900C9CC49 /* Products */,
				2B220B65A76C09BE6025A059 /* Pods */,
				F6BE22F642CC5C7B9B7772BF /* Frameworks */,
			);
			sourceTree = "<group>";
		};
		A1B1C6721C2C847900C9CC49 /* Products */ = {
			isa = PBXGroup;
			children = (
				A1B1C6711C2C847900C9CC49 /* CitiesOfTheWorld.app */,
			);
			name = Products;
			sourceTree = "<group>";
		};
		A1B1C6731C2C847900C9CC49 /* CitiesOfTheWorld */ = {
			isa = PBXGroup;
			children = (
				A1B1C68B1C2CCC4900C9CC49 /* CustomeFiles */,
				A1B1C6861C2C848000C9CC49 /* ViewControllers */,
				A1B1C6881C2C84B700C9CC49 /* Storyboards */,
				A1B1C6871C2C84A200C9CC49 /* Supporting */,
			);
			path = CitiesOfTheWorld;
			sourceTree = "<group>";
		};
		A1B1C6861C2C848000C9CC49 /* ViewControllers */ = {
			isa = PBXGroup;
			children = (
				A1B1C6761C2C847900C9CC49 /* ViewController.swift */,
				A1B1C6891C2CCC3100C9CC49 /* CitiesTableViewController.swift */,
				A1B1C6901C2CE33E00C9CC49 /* DetailViewController.swift */,
			);
			name = ViewControllers;
			sourceTree = "<group>";
		};
		A1B1C6871C2C84A200C9CC49 /* Supporting */ = {
			isa = PBXGroup;
			children = (
				A1B1C6741C2C847900C9CC49 /* AppDelegate.swift */,
				A1B1C67B1C2C847900C9CC49 /* Assets.xcassets */,
				A1B1C6941C2CFC5F00C9CC49 /* Japan */,
				A1B1C67D1C2C847900C9CC49 /* LaunchScreen.storyboard */,
				A1B1C6801C2C847900C9CC49 /* Info.plist */,
			);
			name = Supporting;
			sourceTree = "<group>";
		};
		A1B1C6881C2C84B700C9CC49 /* Storyboards */ = {
			isa = PBXGroup;
			children = (
				A1B1C6781C2C847900C9CC49 /* Main.storyboard */,
			);
			name = Storyboards;
			sourceTree = "<group>";
		};
		A1B1C68B1C2CCC4900C9CC49 /* CustomeFiles */ = {
			isa = PBXGroup;
			children = (
				A1B1C68C1C2CCC6A00C9CC49 /* Custome.swift */,
				A1B1C68E1C2CD29800C9CC49 /* CustomeTableViewCell.swift */,
			);
			name = CustomeFiles;
			sourceTree = "<group>";
		};
		A1B1C6941C2CFC5F00C9CC49 /* Japan */ = {
			isa = PBXGroup;
			children = (
				A1B1C6921C2CFC5300C9CC49 /* Tokyo1.jpg */,
				A1B1C6991C2CFCC100C9CC49 /* Osaka.jpg */,
				A1B1C6951C2CFC6F00C9CC49 /* Kyoto.jpg */,
				A1B1C6971C2CFC9600C9CC49 /* Yokohama.jpg */,
				A1B1C69B1C2CFF0700C9CC49 /* Kamakura.jpg */,
			);
			name = Japan;
			sourceTree = "<group>";
		};
		F6BE22F642CC5C7B9B7772BF /* Frameworks */ = {
			isa = PBXGroup;
			children = (
				4A359390157B700E3E2A9D74 /* Pods_CitiesOfTheWorld.framework */,
			);
			name = Frameworks;
			sourceTree = "<group>";
		};
/* End PBXGroup section */

/* Begin PBXNativeTarget section */
		A1B1C6701C2C847900C9CC49 /* CitiesOfTheWorld */ = {
			isa = PBXNativeTarget;
			buildConfigurationList = A1B1C6831C2C847900C9CC49 /* Build configuration list for PBXNativeTarget "CitiesOfTheWorld" */;
			buildPhases = (
				E290A75A5FFA09D478D72B63 /* Check Pods Manifest.lock */,
				A1B1C66D1C2C847900C9CC49 /* Sources */,
				A1B1C66E1C2C847900C9CC49 /* Frameworks */,
				A1B1C66F1C2C847900C9CC49 /* Resources */,
				EA3DC5CD2D42AB5B87900610 /* Embed Pods Frameworks */,
				4D19CF3DF74BC19F9EB34712 /* Copy Pods Resources */,
			);
			buildRules = (
			);
			dependencies = (
			);
			name = CitiesOfTheWorld;
			productName = CitiesOfTheWorld;
			productReference = A1B1C6711C2C847900C9CC49 /* CitiesOfTheWorld.app */;
			productType = "com.apple.product-type.application";
		};
/* End PBXNativeTarget section */

/* Begin PBXProject section */
		A1B1C6691C2C847900C9CC49 /* Project object */ = {
			isa = PBXProject;
			attributes = {
				LastSwiftUpdateCheck = 0720;
				LastUpgradeCheck = 0720;
				ORGANIZATIONNAME = "Tanveer Bashir";
				TargetAttributes = {
					A1B1C6701C2C847900C9CC49 = {
						CreatedOnToolsVersion = 7.2;
					};
				};
			};
			buildConfigurationList = A1B1C66C1C2C847900C9CC49 /* Build configuration list for PBXProject "CitiesOfTheWorld" */;
			compatibilityVersion = "Xcode 3.2";
			developmentRegion = English;
			hasScannedForEncodings = 0;
			knownRegions = (
				en,
				Base,
			);
			mainGroup = A1B1C6681C2C847900C9CC49;
			productRefGroup = A1B1C6721C2C847900C9CC49 /* Products */;
			projectDirPath = "";
			projectRoot = "";
			targets = (
				A1B1C6701C2C847900C9CC49 /* CitiesOfTheWorld */,
			);
		};
/* End PBXProject section */

/* Begin PBXResourcesBuildPhase section */
		A1B1C66F1C2C847900C9CC49 /* Resources */ = {
			isa = PBXResourcesBuildPhase;
			buildActionMask = 2147483647;
			files = (
				A1B1C69C1C2CFF0700C9CC49 /* Kamakura.jpg in Resources */,
				A1B1C67F1C2C847900C9CC49 /* LaunchScreen.storyboard in Resources */,
				A1B1C67C1C2C847900C9CC49 /* Assets.xcassets in Resources */,
				A1B1C6981C2CFC9600C9CC49 /* Yokohama.jpg in Resources */,
				A1B1C6931C2CFC5300C9CC49 /* Tokyo1.jpg in Resources */,
				A1B1C67A1C2C847900C9CC49 /* Main.storyboard in Resources */,
				A1B1C6961C2CFC6F00C9CC49 /* Kyoto.jpg in Resources */,
				A1B1C69A1C2CFCC100C9CC49 /* Osaka.jpg in Resources */,
			);
			runOnlyForDeploymentPostprocessing = 0;
		};
/* End PBXResourcesBuildPhase section */

/* Begin PBXShellScriptBuildPhase section */
		4D19CF3DF74BC19F9EB34712 /* Copy Pods Resources */ = {
			isa = PBXShellScriptBuildPhase;
			buildActionMask = 2147483647;
			files = (
			);
			inputPaths = (
			);
			name = "Copy Pods Resources";
			outputPaths = (
			);
			runOnlyForDeploymentPostprocessing = 0;
			shellPath = /bin/sh;
			shellScript = "\"${SRCROOT}/Pods/Target Support Files/Pods-CitiesOfTheWorld/Pods-CitiesOfTheWorld-resources.sh\"\n";
			showEnvVarsInLog = 0;
		};
		E290A75A5FFA09D478D72B63 /* Check Pods Manifest.lock */ = {
			isa = PBXShellScriptBuildPhase;
			buildActionMask = 2147483647;
			files = (
			);
			inputPaths = (
			);
			name = "Check Pods Manifest.lock";
			outputPaths = (
			);
			runOnlyForDeploymentPostprocessing = 0;
			shellPath = /bin/sh;
			shellScript = "diff \"${PODS_ROOT}/../Podfile.lock\" \"${PODS_ROOT}/Manifest.lock\" > /dev/null\nif [[ $? != 0 ]] ; then\n    cat << EOM\nerror: The sandbox is not in sync with the Podfile.lock. Run 'pod install' or update your CocoaPods installation.\nEOM\n    exit 1\nfi\n";
			showEnvVarsInLog = 0;
		};
		EA3DC5CD2D42AB5B87900610 /* Embed Pods Frameworks */ = {
			isa = PBXShellScriptBuildPhase;
			buildActionMask = 2147483647;
			files = (
			);
			inputPaths = (
			);
			name = "Embed Pods Frameworks";
			outputPaths = (
			);
			runOnlyForDeploymentPostprocessing = 0;
			shellPath = /bin/sh;
			shellScript = "\"${SRCROOT}/Pods/Target Support Files/Pods-CitiesOfTheWorld/Pods-CitiesOfTheWorld-frameworks.sh\"\n";
			showEnvVarsInLog = 0;
		};
/* End PBXShellScriptBuildPhase section */

/* Begin PBXSourcesBuildPhase section */
		A1B1C66D1C2C847900C9CC49 /* Sources */ = {
			isa = PBXSourcesBuildPhase;
			buildActionMask = 2147483647;
			files = (
				A1B1C68D1C2CCC6A00C9CC49 /* Custome.swift in Sources */,
				A1B1C6771C2C847900C9CC49 /* ViewController.swift in Sources */,
				A1B1C6751C2C847900C9CC49 /* AppDelegate.swift in Sources */,
				A1B1C6911C2CE33E00C9CC49 /* DetailViewController.swift in Sources */,
				A1B1C68A1C2CCC3100C9CC49 /* CitiesTableViewController.swift in Sources */,
				A1B1C68F1C2CD29800C9CC49 /* CustomeTableViewCell.swift in Sources */,
			);
			runOnlyForDeploymentPostprocessing = 0;
		};
/* End PBXSourcesBuildPhase section */

/* Begin PBXVariantGroup section */
		A1B1C6781C2C847900C9CC49 /* Main.storyboard */ = {
			isa = PBXVariantGroup;
			children = (
				A1B1C6791C2C847900C9CC49 /* Base */,
			);
			name = Main.storyboard;
			sourceTree = "<group>";
		};
		A1B1C67D1C2C847900C9CC49 /* LaunchScreen.storyboard */ = {
			isa = PBXVariantGroup;
			children = (
				A1B1C67E1C2C847900C9CC49 /* Base */,
			);
			name = LaunchScreen.storyboard;
			sourceTree = "<group>";
		};
/* End PBXVariantGroup section */

/* Begin XCBuildConfiguration section */
		A1B1C6811C2C847900C9CC49 /* Debug */ = {
			isa = XCBuildConfiguration;
			buildSettings = {
				ALWAYS_SEARCH_USER_PATHS = NO;
				CLANG_CXX_LANGUAGE_STANDARD = "gnu++0x";
				CLANG_CXX_LIBRARY = "libc++";
				CLANG_ENABLE_MODULES = YES;
				CLANG_ENABLE_OBJC_ARC = YES;
				CLANG_WARN_BOOL_CONVERSION = YES;
				CLANG_WARN_CONSTANT_CONVERSION = YES;
				CLANG_WARN_DIRECT_OBJC_ISA_USAGE = YES_ERROR;
				CLANG_WARN_EMPTY_BODY = YES;
				CLANG_WARN_ENUM_CONVERSION = YES;
				CLANG_WARN_INT_CONVERSION = YES;
				CLANG_WARN_OBJC_ROOT_CLASS = YES_ERROR;
				CLANG_WARN_UNREACHABLE_CODE = YES;
				CLANG_WARN__DUPLICATE_METHOD_MATCH = YES;
				"CODE_SIGN_IDENTITY[sdk=iphoneos*]" = "iPhone Developer";
				COPY_PHASE_STRIP = NO;
				DEBUG_INFORMATION_FORMAT = dwarf;
				ENABLE_STRICT_OBJC_MSGSEND = YES;
				ENABLE_TESTABILITY = YES;
				GCC_C_LANGUAGE_STANDARD = gnu99;
				GCC_DYNAMIC_NO_PIC = NO;
				GCC_NO_COMMON_BLOCKS = YES;
				GCC_OPTIMIZATION_LEVEL = 0;
				GCC_PREPROCESSOR_DEFINITIONS = (
					"DEBUG=1",
					"$(inherited)",
				);
				GCC_WARN_64_TO_32_BIT_CONVERSION = YES;
				GCC_WARN_ABOUT_RETURN_TYPE = YES_ERROR;
				GCC_WARN_UNDECLARED_SELECTOR = YES;
				GCC_WARN_UNINITIALIZED_AUTOS = YES_AGGRESSIVE;
				GCC_WARN_UNUSED_FUNCTION = YES;
				GCC_WARN_UNUSED_VARIABLE = YES;
				IPHONEOS_DEPLOYMENT_TARGET = 9.2;
				MTL_ENABLE_DEBUG_INFO = YES;
				ONLY_ACTIVE_ARCH = YES;
				SDKROOT = iphoneos;
				SWIFT_OPTIMIZATION_LEVEL = "-Onone";
			};
			name = Debug;
		};
		A1B1C6821C2C847900C9CC49 /* Release */ = {
			isa = XCBuildConfiguration;
			buildSettings = {
				ALWAYS_SEARCH_USER_PATHS = NO;
				CLANG_CXX_LANGUAGE_STANDARD = "gnu++0x";
				CLANG_CXX_LIBRARY = "libc++";
				CLANG_ENABLE_MODULES = YES;
				CLANG_ENABLE_OBJC_ARC = YES;
				CLANG_WARN_BOOL_CONVERSION = YES;
				CLANG_WARN_CONSTANT_CONVERSION = YES;
				CLANG_WARN_DIRECT_OBJC_ISA_USAGE = YES_ERROR;
				CLANG_WARN_EMPTY_BODY = YES;
				CLANG_WARN_ENUM_CONVERSION = YES;
				CLANG_WARN_INT_CONVERSION = YES;
				CLANG_WARN_OBJC_ROOT_CLASS = YES_ERROR;
				CLANG_WARN_UNREACHABLE_CODE = YES;
				CLANG_WARN__DUPLICATE_METHOD_MATCH = YES;
				"CODE_SIGN_IDENTITY[sdk=iphoneos*]" = "iPhone Developer";
				COPY_PHASE_STRIP = NO;
				DEBUG_INFORMATION_FORMAT = "dwarf-with-dsym";
				ENABLE_NS_ASSERTIONS = NO;
				ENABLE_STRICT_OBJC_MSGSEND = YES;
				GCC_C_LANGUAGE_STANDARD = gnu99;
				GCC_NO_COMMON_BLOCKS = YES;
				GCC_WARN_64_TO_32_BIT_CONVERSION = YES;
				GCC_WARN_ABOUT_RETURN_TYPE = YES_ERROR;
				GCC_WARN_UNDECLARED_SELECTOR = YES;
				GCC_WARN_UNINITIALIZED_AUTOS = YES_AGGRESSIVE;
				GCC_WARN_UNUSED_FUNCTION = YES;
				GCC_WARN_UNUSED_VARIABLE = YES;
				IPHONEOS_DEPLOYMENT_TARGET = 9.2;
				MTL_ENABLE_DEBUG_INFO = NO;
				SDKROOT = iphoneos;
				VALIDATE_PRODUCT = YES;
			};
			name = Release;
		};
		A1B1C6841C2C847900C9CC49 /* Debug */ = {
			isa = XCBuildConfiguration;
			baseConfigurationReference = 35F93B2DEAE4734F1017A9A8 /* Pods-CitiesOfTheWorld.debug.xcconfig */;
			buildSettings = {
				INFOPLIST_FILE = CitiesOfTheWorld/Info.plist;
				LD_RUNPATH_SEARCH_PATHS = "$(inherited) @executable_path/Frameworks";
				PRODUCT_BUNDLE_IDENTIFIER = com.tanveerbashir.CitiesOfTheWorld;
				PRODUCT_NAME = "$(TARGET_NAME)";
			};
			name = Debug;
		};
		A1B1C6851C2C847900C9CC49 /* Release */ = {
			isa = XCBuildConfiguration;
			baseConfigurationReference = D88137EAF7FA00A2F4959B2D /* Pods-CitiesOfTheWorld.release.xcconfig */;
			buildSettings = {
				INFOPLIST_FILE = CitiesOfTheWorld/Info.plist;
				LD_RUNPATH_SEARCH_PATHS = "$(inherited) @executable_path/Frameworks";
				PRODUCT_BUNDLE_IDENTIFIER = com.tanveerbashir.CitiesOfTheWorld;
				PRODUCT_NAME = "$(TARGET_NAME)";
			};
			name = Release;
		};
/* End XCBuildConfiguration section */

/* Begin XCConfigurationList section */
		A1B1C66C1C2C847900C9CC49 /* Build configuration list for PBXProject "CitiesOfTheWorld" */ = {
			isa = XCConfigurationList;
			buildConfigurations = (
				A1B1C6811C2C847900C9CC49 /* Debug */,
				A1B1C6821C2C847900C9CC49 /* Release */,
			);
			defaultConfigurationIsVisible = 0;
			defaultConfigurationName = Release;
		};
		A1B1C6831C2C847900C9CC49 /* Build configuration list for PBXNativeTarget "CitiesOfTheWorld" */ = {
			isa = XCConfigurationList;
			buildConfigurations = (
				A1B1C6841C2C847900C9CC49 /* Debug */,
				A1B1C6851C2C847900C9CC49 /* Release */,
			);
			defaultConfigurationIsVisible = 0;
			defaultConfigurationName = Release;
		};
/* End XCConfigurationList section */
	};
	rootObject = A1B1C6691C2C847900C9CC49 /* Project object */;
}
